
Microsoft Visual Studio Solution File, Format Version 12.00
# Visual Studio Version 17
VisualStudioVersion = 17.4.33027.239
MinimumVisualStudioVersion = 10.0.40219.1
Project("{9A19103F-16F7-4668-BE54-9A1E7A4F7556}") = "Sedulur.Tools", "Sedulur.Tools\Sedulur.Tools.csproj", "{675CCF05-FAAC-4BE0-8DA9-93B50D8E9D02}"
EndProject
Project("{9A19103F-16F7-4668-BE54-9A1E7A4F7556}") = "Sedulur", "Sedulur\Sedulur.csproj", "{21983A64-3FB4-4ECB-899E-1D9DD68F3274}"
EndProject
Project("{2150E333-8FDC-42A3-9474-1A3956D46DE8}") = "helpers", "helpers", "{0A5C0AF1-BD12-4619-9B21-3075A8D1DD52}"
EndProject
Project("{9A19103F-16F7-4668-BE54-9A1E7A4F7556}") = "IDCH.Storage", "IDCH.Storage\IDCH.Storage.csproj", "{2ACE727D-223D-4130-B11D-C90A4FE113B8}"
EndProject
Global
	GlobalSection(SolutionConfigurationPlatforms) = preSolution
		Debug|Any CPU = Debug|Any CPU
		Release|Any CPU = Release|Any CPU
	EndGlobalSection
	GlobalSection(ProjectConfigurationPlatforms) = postSolution
		{675CCF05-FAAC-4BE0-8DA9-93B50D8E9D02}.Debug|Any CPU.ActiveCfg = Debug|Any CPU
		{675CCF05-FAAC-4BE0-8DA9-93B50D8E9D02}.Debug|Any CPU.Build.0 = Debug|Any CPU
		{675CCF05-FAAC-4BE0-8DA9-93B50D8E9D02}.Release|Any CPU.ActiveCfg = Release|Any CPU
		{675CCF05-FAAC-4BE0-8DA9-93B50D8E9D02}.Release|Any CPU.Build.0 = Release|Any CPU
		{21983A64-3FB4-4ECB-899E-1D9DD68F3274}.Debug|Any CPU.ActiveCfg = Debug|Any CPU
		{21983A64-3FB4-4ECB-899E-1D9DD68F3274}.Debug|Any CPU.Build.0 = Debug|Any CPU
		{21983A64-3FB4-4ECB-899E-1D9DD68F3274}.Release|Any CPU.ActiveCfg = Release|Any CPU
		{21983A64-3FB4-4ECB-899E-1D9DD68F3274}.Release|Any CPU.Build.0 = Release|Any CPU
		{2ACE727D-223D-4130-B11D-C90A4FE113B8}.Debug|Any CPU.ActiveCfg = Debug|Any CPU
		{2ACE727D-223D-4130-B11D-C90A4FE113B8}.Debug|Any CPU.Build.0 = Debug|Any CPU
		{2ACE727D-223D-4130-B11D-C90A4FE113B8}.Release|Any CPU.ActiveCfg = Release|Any CPU
		{2ACE727D-223D-4130-B11D-C90A4FE113B8}.Release|Any CPU.Build.0 = Release|Any CPU
	EndGlobalSection
	GlobalSection(SolutionProperties) = preSolution
		HideSolutionNode = FALSE
	EndGlobalSection
	GlobalSection(NestedProjects) = preSolution
		{2ACE727D-223D-4130-B11D-C90A4FE113B8} = {0A5C0AF1-BD12-4619-9B21-3075A8D1DD52}
	EndGlobalSection
	GlobalSection(ExtensibilityGlobals) = postSolution
		SolutionGuid = {CA296995-1CCE-4181-9A52-603C96DF5D23}
	EndGlobalSection
EndGlobal
